
Microsoft Visual Studio Solution File, Format Version 12.00
Project("{2150E333-8FDC-42A3-9474-1A3956D46DE8}") = "App", "App", "{AAAFC502-0A3C-4802-81C2-9AD9658EFAA4}"
EndProject
Project("{2150E333-8FDC-42A3-9474-1A3956D46DE8}") = "Base", "Base", "{785177D3-6A94-459D-B324-CB25882E7A1B}"
EndProject
Project("{FAE04EC0-301F-11D3-BF4B-00C04F79EFBC}") = "WebApp", "WebApp\WebApp.csproj", "{17522231-65BB-4F8F-9C77-1D4E211714C2}"
EndProject
Project("{FAE04EC0-301F-11D3-BF4B-00C04F79EFBC}") = "App.Domain", "App.Domain\App.Domain.csproj", "{F18C636F-E32F-41B5-947D-D0E80C85A109}"
EndProject
Project("{FAE04EC0-301F-11D3-BF4B-00C04F79EFBC}") = "App.DAL.EF", "App.DAL.EF\App.DAL.EF.csproj", "{227CA22C-8D3A-4CAB-9985-6F1C131F6E9F}"
EndProject
Project("{FAE04EC0-301F-11D3-BF4B-00C04F79EFBC}") = "App.DAL.DTO", "App.DAL.DTO\App.DAL.DTO.csproj", "{185407FB-0005-4C4B-A6E4-6030A34D67B6}"
EndProject
Project("{FAE04EC0-301F-11D3-BF4B-00C04F79EFBC}") = "App.Contracts.DAL", "App.Contracts.DAL\App.Contracts.DAL.csproj", "{FB83D647-8A81-4712-9F41-3F61622E9D0A}"
EndProject
Project("{FAE04EC0-301F-11D3-BF4B-00C04F79EFBC}") = "App.DTO", "App.DTO\App.DTO.csproj", "{1AA4F71C-7A3A-4697-8357-1A13505438F9}"
EndProject
Project("{FAE04EC0-301F-11D3-BF4B-00C04F79EFBC}") = "Base.Domain", "Base.Domain\Base.Domain.csproj", "{527AE090-6E2C-4001-B762-4B0F42D64203}"
EndProject
Project("{FAE04EC0-301F-11D3-BF4B-00C04F79EFBC}") = "Base.Contracts.DAL", "Base.Contracts.DAL\Base.Contracts.DAL.csproj", "{A4E2B49F-63E4-4D75-984A-111D090527A7}"
EndProject
Project("{FAE04EC0-301F-11D3-BF4B-00C04F79EFBC}") = "Base.DAL.EF", "Base.DAL.EF\Base.DAL.EF.csproj", "{FD75308B-08D4-446A-B137-C4EA72B35436}"
EndProject
Project("{FAE04EC0-301F-11D3-BF4B-00C04F79EFBC}") = "Base.Contracts.Domain", "Base.Contracts.Domain\Base.Contracts.Domain.csproj", "{246CB64B-C2C6-4351-BC93-0028B563ED00}"
EndProject
Project("{FAE04EC0-301F-11D3-BF4B-00C04F79EFBC}") = "Util", "Util\Util.csproj", "{5736EABB-5413-4C4F-A713-ED490527006F}"
EndProject
Project("{2150E333-8FDC-42A3-9474-1A3956D46DE8}") = "SolutionItems", "SolutionItems", "{28E60313-1AD5-4027-B9E4-D292FF6D6D96}"
	ProjectSection(SolutionItems) = preProject
		README.md = README.md
		Dockerfile = Dockerfile
		docker-compose.yml = docker-compose.yml
	EndProjectSection
EndProject
Project("{FAE04EC0-301F-11D3-BF4B-00C04F79EFBC}") = "App.Resources", "App.Resources\App.Resources.csproj", "{422B4648-6532-4F84-A55E-269056BCE2C8}"
EndProject
Global
	GlobalSection(SolutionConfigurationPlatforms) = preSolution
		Debug|Any CPU = Debug|Any CPU
		Release|Any CPU = Release|Any CPU
	EndGlobalSection
	GlobalSection(NestedProjects) = preSolution
		{17522231-65BB-4F8F-9C77-1D4E211714C2} = {AAAFC502-0A3C-4802-81C2-9AD9658EFAA4}
		{F18C636F-E32F-41B5-947D-D0E80C85A109} = {AAAFC502-0A3C-4802-81C2-9AD9658EFAA4}
		{227CA22C-8D3A-4CAB-9985-6F1C131F6E9F} = {AAAFC502-0A3C-4802-81C2-9AD9658EFAA4}
		{185407FB-0005-4C4B-A6E4-6030A34D67B6} = {AAAFC502-0A3C-4802-81C2-9AD9658EFAA4}
		{FB83D647-8A81-4712-9F41-3F61622E9D0A} = {AAAFC502-0A3C-4802-81C2-9AD9658EFAA4}
		{1AA4F71C-7A3A-4697-8357-1A13505438F9} = {AAAFC502-0A3C-4802-81C2-9AD9658EFAA4}
		{527AE090-6E2C-4001-B762-4B0F42D64203} = {785177D3-6A94-459D-B324-CB25882E7A1B}
		{A4E2B49F-63E4-4D75-984A-111D090527A7} = {785177D3-6A94-459D-B324-CB25882E7A1B}
		{FD75308B-08D4-446A-B137-C4EA72B35436} = {785177D3-6A94-459D-B324-CB25882E7A1B}
		{246CB64B-C2C6-4351-BC93-0028B563ED00} = {785177D3-6A94-459D-B324-CB25882E7A1B}
		{5736EABB-5413-4C4F-A713-ED490527006F} = {785177D3-6A94-459D-B324-CB25882E7A1B}
		{422B4648-6532-4F84-A55E-269056BCE2C8} = {AAAFC502-0A3C-4802-81C2-9AD9658EFAA4}
	EndGlobalSection
	GlobalSection(ProjectConfigurationPlatforms) = postSolution
		{17522231-65BB-4F8F-9C77-1D4E211714C2}.Debug|Any CPU.ActiveCfg = Debug|Any CPU
		{17522231-65BB-4F8F-9C77-1D4E211714C2}.Debug|Any CPU.Build.0 = Debug|Any CPU
		{17522231-65BB-4F8F-9C77-1D4E211714C2}.Release|Any CPU.ActiveCfg = Release|Any CPU
		{17522231-65BB-4F8F-9C77-1D4E211714C2}.Release|Any CPU.Build.0 = Release|Any CPU
		{F18C636F-E32F-41B5-947D-D0E80C85A109}.Debug|Any CPU.ActiveCfg = Debug|Any CPU
		{F18C636F-E32F-41B5-947D-D0E80C85A109}.Debug|Any CPU.Build.0 = Debug|Any CPU
		{F18C636F-E32F-41B5-947D-D0E80C85A109}.Release|Any CPU.ActiveCfg = Release|Any CPU
		{F18C636F-E32F-41B5-947D-D0E80C85A109}.Release|Any CPU.Build.0 = Release|Any CPU
		{227CA22C-8D3A-4CAB-9985-6F1C131F6E9F}.Debug|Any CPU.ActiveCfg = Debug|Any CPU
		{227CA22C-8D3A-4CAB-9985-6F1C131F6E9F}.Debug|Any CPU.Build.0 = Debug|Any CPU
		{227CA22C-8D3A-4CAB-9985-6F1C131F6E9F}.Release|Any CPU.ActiveCfg = Release|Any CPU
		{227CA22C-8D3A-4CAB-9985-6F1C131F6E9F}.Release|Any CPU.Build.0 = Release|Any CPU
		{185407FB-0005-4C4B-A6E4-6030A34D67B6}.Debug|Any CPU.ActiveCfg = Debug|Any CPU
		{185407FB-0005-4C4B-A6E4-6030A34D67B6}.Debug|Any CPU.Build.0 = Debug|Any CPU
		{185407FB-0005-4C4B-A6E4-6030A34D67B6}.Release|Any CPU.ActiveCfg = Release|Any CPU
		{185407FB-0005-4C4B-A6E4-6030A34D67B6}.Release|Any CPU.Build.0 = Release|Any CPU
		{FB83D647-8A81-4712-9F41-3F61622E9D0A}.Debug|Any CPU.ActiveCfg = Debug|Any CPU
		{FB83D647-8A81-4712-9F41-3F61622E9D0A}.Debug|Any CPU.Build.0 = Debug|Any CPU
		{FB83D647-8A81-4712-9F41-3F61622E9D0A}.Release|Any CPU.ActiveCfg = Release|Any CPU
		{FB83D647-8A81-4712-9F41-3F61622E9D0A}.Release|Any CPU.Build.0 = Release|Any CPU
		{1AA4F71C-7A3A-4697-8357-1A13505438F9}.Debug|Any CPU.ActiveCfg = Debug|Any CPU
		{1AA4F71C-7A3A-4697-8357-1A13505438F9}.Debug|Any CPU.Build.0 = Debug|Any CPU
		{1AA4F71C-7A3A-4697-8357-1A13505438F9}.Release|Any CPU.ActiveCfg = Release|Any CPU
		{1AA4F71C-7A3A-4697-8357-1A13505438F9}.Release|Any CPU.Build.0 = Release|Any CPU
		{527AE090-6E2C-4001-B762-4B0F42D64203}.Debug|Any CPU.ActiveCfg = Debug|Any CPU
		{527AE090-6E2C-4001-B762-4B0F42D64203}.Debug|Any CPU.Build.0 = Debug|Any CPU
		{527AE090-6E2C-4001-B762-4B0F42D64203}.Release|Any CPU.ActiveCfg = Release|Any CPU
		{527AE090-6E2C-4001-B762-4B0F42D64203}.Release|Any CPU.Build.0 = Release|Any CPU
		{A4E2B49F-63E4-4D75-984A-111D090527A7}.Debug|Any CPU.ActiveCfg = Debug|Any CPU
		{A4E2B49F-63E4-4D75-984A-111D090527A7}.Debug|Any CPU.Build.0 = Debug|Any CPU
		{A4E2B49F-63E4-4D75-984A-111D090527A7}.Release|Any CPU.ActiveCfg = Release|Any CPU
		{A4E2B49F-63E4-4D75-984A-111D090527A7}.Release|Any CPU.Build.0 = Release|Any CPU
		{FD75308B-08D4-446A-B137-C4EA72B35436}.Debug|Any CPU.ActiveCfg = Debug|Any CPU
		{FD75308B-08D4-446A-B137-C4EA72B35436}.Debug|Any CPU.Build.0 = Debug|Any CPU
		{FD75308B-08D4-446A-B137-C4EA72B35436}.Release|Any CPU.ActiveCfg = Release|Any CPU
		{FD75308B-08D4-446A-B137-C4EA72B35436}.Release|Any CPU.Build.0 = Release|Any CPU
		{246CB64B-C2C6-4351-BC93-0028B563ED00}.Debug|Any CPU.ActiveCfg = Debug|Any CPU
		{246CB64B-C2C6-4351-BC93-0028B563ED00}.Debug|Any CPU.Build.0 = Debug|Any CPU
		{246CB64B-C2C6-4351-BC93-0028B563ED00}.Release|Any CPU.ActiveCfg = Release|Any CPU
		{246CB64B-C2C6-4351-BC93-0028B563ED00}.Release|Any CPU.Build.0 = Release|Any CPU
		{5736EABB-5413-4C4F-A713-ED490527006F}.Debug|Any CPU.ActiveCfg = Debug|Any CPU
		{5736EABB-5413-4C4F-A713-ED490527006F}.Debug|Any CPU.Build.0 = Debug|Any CPU
		{5736EABB-5413-4C4F-A713-ED490527006F}.Release|Any CPU.ActiveCfg = Release|Any CPU
		{5736EABB-5413-4C4F-A713-ED490527006F}.Release|Any CPU.Build.0 = Release|Any CPU
		{422B4648-6532-4F84-A55E-269056BCE2C8}.Debug|Any CPU.ActiveCfg = Debug|Any CPU
		{422B4648-6532-4F84-A55E-269056BCE2C8}.Debug|Any CPU.Build.0 = Debug|Any CPU
		{422B4648-6532-4F84-A55E-269056BCE2C8}.Release|Any CPU.ActiveCfg = Release|Any CPU
		{422B4648-6532-4F84-A55E-269056BCE2C8}.Release|Any CPU.Build.0 = Release|Any CPU
	EndGlobalSection
EndGlobal
